{
  "name": "wooplans-shop-v2",
  "version": "2.0.0",
  "lockfileVersion": 3,
  "requires": true,
  "packages": {
    "": {
      "name": "wooplans-shop-v2",
      "version": "2.0.0",
      "dependencies": {
        "@fontsource/cormorant-garamond": "^5.2.11",
        "@fontsource/dm-sans": "^5.2.8"
      },
      "engines": {
        "node": ">=18"
      }
    },
    "node_modules/@fontsource/cormorant-garamond": {
      "version": "5.2.11",
      "resolved": "https://registry.npmjs.org/@fontsource/cormorant-garamond/-/cormorant-garamond-5.2.11.tgz",
      "integrity": "sha512-5JjpN023lhA5soijgVT0BdRGzmlijm402ppjccMd6h+vRE0mX2lJnE+41UPfnlidrkV9/rCo1mf58WZlHnB0CA==",
      "license": "OFL-1.1",
      "funding": {
        "url": "https://github.com/sponsors/ayuhito"
      }
    },
    "node_modules/@fontsource/dm-sans": {
      "version": "5.2.8",
      "resolved": "https://registry.npmjs.org/@fontsource/dm-sans/-/dm-sans-5.2.8.tgz",
      "integrity": "sha512-tlovG42m9ESG28WiHpLq3F5umAlm64rv0RkqTbYowRn70e9OlRr5a3yTJhrhrY+k5lftR/OFJjPzOLQzk8EfCA==",
      "license": "OFL-1.1",
      "funding": {
        "url": "https://github.com/sponsors/ayuhito"
      }
    }
  }
}
